
Microsoft Visual Studio Solution File, Format Version 12.00
Project("{FAE04EC0-301F-11D3-BF4B-00C04F79EFBC}") = "Rekrutacja", "Rekrutacja\Rekrutacja.csproj", "{57B30F23-20FE-464B-941D-5B116D0C8C82}"
EndProject
Global
	GlobalSection(SolutionConfigurationPlatforms) = preSolution
		Debug|Any CPU = Debug|Any CPU
		Release|Any CPU = Release|Any CPU
	EndGlobalSection
	GlobalSection(ProjectConfigurationPlatforms) = postSolution
		{57B30F23-20FE-464B-941D-5B116D0C8C82}.Debug|Any CPU.ActiveCfg = Debug|Any CPU
		{57B30F23-20FE-464B-941D-5B116D0C8C82}.Debug|Any CPU.Build.0 = Debug|Any CPU
		{57B30F23-20FE-464B-941D-5B116D0C8C82}.Release|Any CPU.ActiveCfg = Release|Any CPU
		{57B30F23-20FE-464B-941D-5B116D0C8C82}.Release|Any CPU.Build.0 = Release|Any CPU
	EndGlobalSection
EndGlobal
